
Microsoft Visual Studio Solution File, Format Version 12.00
# Visual Studio Version 17
VisualStudioVersion = 17.2.32602.215
MinimumVisualStudioVersion = 10.0.40219.1
Project("{FAE04EC0-301F-11D3-BF4B-00C04F79EFBC}") = "Bee1018", "Bee1018\Bee1018.csproj", "{2361069E-F0F8-4496-880E-4AFD2DFA0414}"
EndProject
Global
	GlobalSection(SolutionConfigurationPlatforms) = preSolution
		Debug|Any CPU = Debug|Any CPU
		Release|Any CPU = Release|Any CPU
	EndGlobalSection
	GlobalSection(ProjectConfigurationPlatforms) = postSolution
		{2361069E-F0F8-4496-880E-4AFD2DFA0414}.Debug|Any CPU.ActiveCfg = Debug|Any CPU
		{2361069E-F0F8-4496-880E-4AFD2DFA0414}.Debug|Any CPU.Build.0 = Debug|Any CPU
		{2361069E-F0F8-4496-880E-4AFD2DFA0414}.Release|Any CPU.ActiveCfg = Release|Any CPU
		{2361069E-F0F8-4496-880E-4AFD2DFA0414}.Release|Any CPU.Build.0 = Release|Any CPU
	EndGlobalSection
	GlobalSection(SolutionProperties) = preSolution
		HideSolutionNode = FALSE
	EndGlobalSection
	GlobalSection(ExtensibilityGlobals) = postSolution
		SolutionGuid = {AD496F79-C29C-45CE-A2BC-53E6ADC33988}
	EndGlobalSection
EndGlobal
