
Microsoft Visual Studio Solution File, Format Version 12.00
# Visual Studio Version 17
VisualStudioVersion = 17.2.32602.215
MinimumVisualStudioVersion = 10.0.40219.1
Project("{FAE04EC0-301F-11D3-BF4B-00C04F79EFBC}") = "Bee1002", "Bee1002\Bee1002.csproj", "{47187033-6E51-43D2-8755-BD74163D3D72}"
EndProject
Global
	GlobalSection(SolutionConfigurationPlatforms) = preSolution
		Debug|Any CPU = Debug|Any CPU
		Release|Any CPU = Release|Any CPU
	EndGlobalSection
	GlobalSection(ProjectConfigurationPlatforms) = postSolution
		{47187033-6E51-43D2-8755-BD74163D3D72}.Debug|Any CPU.ActiveCfg = Debug|Any CPU
		{47187033-6E51-43D2-8755-BD74163D3D72}.Debug|Any CPU.Build.0 = Debug|Any CPU
		{47187033-6E51-43D2-8755-BD74163D3D72}.Release|Any CPU.ActiveCfg = Release|Any CPU
		{47187033-6E51-43D2-8755-BD74163D3D72}.Release|Any CPU.Build.0 = Release|Any CPU
	EndGlobalSection
	GlobalSection(SolutionProperties) = preSolution
		HideSolutionNode = FALSE
	EndGlobalSection
	GlobalSection(ExtensibilityGlobals) = postSolution
		SolutionGuid = {AC0985A0-5231-49D7-97EC-1222B6943EF0}
	EndGlobalSection
EndGlobal
