
Microsoft Visual Studio Solution File, Format Version 12.00
# Visual Studio Version 17
VisualStudioVersion = 17.3.32901.215
MinimumVisualStudioVersion = 10.0.40219.1
Project("{FAE04EC0-301F-11D3-BF4B-00C04F79EFBC}") = "Bee1044", "Bee1044.csproj", "{CAE77A28-09DD-4DBF-86DF-F03ED643417B}"
EndProject
Global
	GlobalSection(SolutionConfigurationPlatforms) = preSolution
		Debug|Any CPU = Debug|Any CPU
		Release|Any CPU = Release|Any CPU
	EndGlobalSection
	GlobalSection(ProjectConfigurationPlatforms) = postSolution
		{CAE77A28-09DD-4DBF-86DF-F03ED643417B}.Debug|Any CPU.ActiveCfg = Debug|Any CPU
		{CAE77A28-09DD-4DBF-86DF-F03ED643417B}.Debug|Any CPU.Build.0 = Debug|Any CPU
		{CAE77A28-09DD-4DBF-86DF-F03ED643417B}.Release|Any CPU.ActiveCfg = Release|Any CPU
		{CAE77A28-09DD-4DBF-86DF-F03ED643417B}.Release|Any CPU.Build.0 = Release|Any CPU
	EndGlobalSection
	GlobalSection(SolutionProperties) = preSolution
		HideSolutionNode = FALSE
	EndGlobalSection
	GlobalSection(ExtensibilityGlobals) = postSolution
		SolutionGuid = {3E717D9B-44FD-42AB-A7FB-F839290033B9}
	EndGlobalSection
EndGlobal
