
Microsoft Visual Studio Solution File, Format Version 12.00
# Visual Studio Version 17
VisualStudioVersion = 17.3.32901.215
MinimumVisualStudioVersion = 10.0.40219.1
Project("{FAE04EC0-301F-11D3-BF4B-00C04F79EFBC}") = "Dia_da_Semana", "Dia_da_Semana\Dia_da_Semana.csproj", "{C17B252B-D69D-42CD-BE23-B42D0FA21767}"
EndProject
Global
	GlobalSection(SolutionConfigurationPlatforms) = preSolution
		Debug|Any CPU = Debug|Any CPU
		Release|Any CPU = Release|Any CPU
	EndGlobalSection
	GlobalSection(ProjectConfigurationPlatforms) = postSolution
		{C17B252B-D69D-42CD-BE23-B42D0FA21767}.Debug|Any CPU.ActiveCfg = Debug|Any CPU
		{C17B252B-D69D-42CD-BE23-B42D0FA21767}.Debug|Any CPU.Build.0 = Debug|Any CPU
		{C17B252B-D69D-42CD-BE23-B42D0FA21767}.Release|Any CPU.ActiveCfg = Release|Any CPU
		{C17B252B-D69D-42CD-BE23-B42D0FA21767}.Release|Any CPU.Build.0 = Release|Any CPU
	EndGlobalSection
	GlobalSection(SolutionProperties) = preSolution
		HideSolutionNode = FALSE
	EndGlobalSection
	GlobalSection(ExtensibilityGlobals) = postSolution
		SolutionGuid = {AD2E8338-61FE-42F0-8B1A-C0741BF40C57}
	EndGlobalSection
EndGlobal
