
Microsoft Visual Studio Solution File, Format Version 12.00
# Visual Studio Version 17
VisualStudioVersion = 17.2.32602.215
MinimumVisualStudioVersion = 10.0.40219.1
Project("{FAE04EC0-301F-11D3-BF4B-00C04F79EFBC}") = "Bee1011", "Bee1011\Bee1011.csproj", "{1BD6171E-79D7-4C7F-9C04-FDEE6670B25A}"
EndProject
Global
	GlobalSection(SolutionConfigurationPlatforms) = preSolution
		Debug|Any CPU = Debug|Any CPU
		Release|Any CPU = Release|Any CPU
	EndGlobalSection
	GlobalSection(ProjectConfigurationPlatforms) = postSolution
		{1BD6171E-79D7-4C7F-9C04-FDEE6670B25A}.Debug|Any CPU.ActiveCfg = Debug|Any CPU
		{1BD6171E-79D7-4C7F-9C04-FDEE6670B25A}.Debug|Any CPU.Build.0 = Debug|Any CPU
		{1BD6171E-79D7-4C7F-9C04-FDEE6670B25A}.Release|Any CPU.ActiveCfg = Release|Any CPU
		{1BD6171E-79D7-4C7F-9C04-FDEE6670B25A}.Release|Any CPU.Build.0 = Release|Any CPU
	EndGlobalSection
	GlobalSection(SolutionProperties) = preSolution
		HideSolutionNode = FALSE
	EndGlobalSection
	GlobalSection(ExtensibilityGlobals) = postSolution
		SolutionGuid = {C2B90DE4-1301-442D-B3A5-ACB4138B04EF}
	EndGlobalSection
EndGlobal
