
Microsoft Visual Studio Solution File, Format Version 12.00
# Visual Studio Version 17
VisualStudioVersion = 17.3.32901.215
MinimumVisualStudioVersion = 10.0.40219.1
Project("{FAE04EC0-301F-11D3-BF4B-00C04F79EFBC}") = "Bee1046", "Bee1046.csproj", "{21D4C8D5-E059-42BD-9073-6A0C1A67F3A3}"
EndProject
Global
	GlobalSection(SolutionConfigurationPlatforms) = preSolution
		Debug|Any CPU = Debug|Any CPU
		Release|Any CPU = Release|Any CPU
	EndGlobalSection
	GlobalSection(ProjectConfigurationPlatforms) = postSolution
		{21D4C8D5-E059-42BD-9073-6A0C1A67F3A3}.Debug|Any CPU.ActiveCfg = Debug|Any CPU
		{21D4C8D5-E059-42BD-9073-6A0C1A67F3A3}.Debug|Any CPU.Build.0 = Debug|Any CPU
		{21D4C8D5-E059-42BD-9073-6A0C1A67F3A3}.Release|Any CPU.ActiveCfg = Release|Any CPU
		{21D4C8D5-E059-42BD-9073-6A0C1A67F3A3}.Release|Any CPU.Build.0 = Release|Any CPU
	EndGlobalSection
	GlobalSection(SolutionProperties) = preSolution
		HideSolutionNode = FALSE
	EndGlobalSection
	GlobalSection(ExtensibilityGlobals) = postSolution
		SolutionGuid = {9FF9854F-D3B1-4EA5-965C-9AAE6952EDD6}
	EndGlobalSection
EndGlobal
