
Microsoft Visual Studio Solution File, Format Version 12.00
# Visual Studio Version 17
VisualStudioVersion = 17.3.32901.215
MinimumVisualStudioVersion = 10.0.40219.1
Project("{FAE04EC0-301F-11D3-BF4B-00C04F79EFBC}") = "Bee1038", "Bee1038.csproj", "{A2319C37-4586-4B6C-9F03-8B4F7CCD985B}"
EndProject
Global
	GlobalSection(SolutionConfigurationPlatforms) = preSolution
		Debug|Any CPU = Debug|Any CPU
		Release|Any CPU = Release|Any CPU
	EndGlobalSection
	GlobalSection(ProjectConfigurationPlatforms) = postSolution
		{A2319C37-4586-4B6C-9F03-8B4F7CCD985B}.Debug|Any CPU.ActiveCfg = Debug|Any CPU
		{A2319C37-4586-4B6C-9F03-8B4F7CCD985B}.Debug|Any CPU.Build.0 = Debug|Any CPU
		{A2319C37-4586-4B6C-9F03-8B4F7CCD985B}.Release|Any CPU.ActiveCfg = Release|Any CPU
		{A2319C37-4586-4B6C-9F03-8B4F7CCD985B}.Release|Any CPU.Build.0 = Release|Any CPU
	EndGlobalSection
	GlobalSection(SolutionProperties) = preSolution
		HideSolutionNode = FALSE
	EndGlobalSection
	GlobalSection(ExtensibilityGlobals) = postSolution
		SolutionGuid = {3E93FDBB-5ABC-46C3-ABF2-ED0A0BE3B8D9}
	EndGlobalSection
EndGlobal
